
Microsoft Visual Studio Solution File, Format Version 12.00
# Visual Studio Version 16
VisualStudioVersion = 16.0.31515.178
MinimumVisualStudioVersion = 10.0.40219.1
Project("{9A19103F-16F7-4668-BE54-9A1E7A4F7556}") = "MeltyInstaller", "MeltyInstaller\MeltyInstaller.csproj", "{BFEF2949-5888-48BD-8D04-F43870720121}"
EndProject
Global
	GlobalSection(SolutionConfigurationPlatforms) = preSolution
		Debug|Any CPU = Debug|Any CPU
		Release|Any CPU = Release|Any CPU
	EndGlobalSection
	GlobalSection(ProjectConfigurationPlatforms) = postSolution
		{BFEF2949-5888-48BD-8D04-F43870720121}.Debug|Any CPU.ActiveCfg = Debug|Any CPU
		{BFEF2949-5888-48BD-8D04-F43870720121}.Debug|Any CPU.Build.0 = Debug|Any CPU
		{BFEF2949-5888-48BD-8D04-F43870720121}.Release|Any CPU.ActiveCfg = Release|Any CPU
		{BFEF2949-5888-48BD-8D04-F43870720121}.Release|Any CPU.Build.0 = Release|Any CPU
	EndGlobalSection
	GlobalSection(SolutionProperties) = preSolution
		HideSolutionNode = FALSE
	EndGlobalSection
	GlobalSection(ExtensibilityGlobals) = postSolution
		SolutionGuid = {8122A52B-5A5D-41A0-9941-E30E86F179B1}
	EndGlobalSection
EndGlobal
